
Microsoft Visual Studio Solution File, Format Version 12.00
# Visual Studio Version 16
VisualStudioVersion = 16.0.30907.101
MinimumVisualStudioVersion = 10.0.40219.1
Project("{FAE04EC0-301F-11D3-BF4B-00C04F79EFBC}") = "GameDemo", "GameDemo.csproj", "{5D21BD7F-CBDD-4AB8-B82A-505454353357}"
EndProject
Global
	GlobalSection(SolutionConfigurationPlatforms) = preSolution
		Debug|Any CPU = Debug|Any CPU
		Release|Any CPU = Release|Any CPU
	EndGlobalSection
	GlobalSection(ProjectConfigurationPlatforms) = postSolution
		{5D21BD7F-CBDD-4AB8-B82A-505454353357}.Debug|Any CPU.ActiveCfg = Debug|Any CPU
		{5D21BD7F-CBDD-4AB8-B82A-505454353357}.Debug|Any CPU.Build.0 = Debug|Any CPU
		{5D21BD7F-CBDD-4AB8-B82A-505454353357}.Release|Any CPU.ActiveCfg = Release|Any CPU
		{5D21BD7F-CBDD-4AB8-B82A-505454353357}.Release|Any CPU.Build.0 = Release|Any CPU
	EndGlobalSection
	GlobalSection(SolutionProperties) = preSolution
		HideSolutionNode = FALSE
	EndGlobalSection
	GlobalSection(ExtensibilityGlobals) = postSolution
		SolutionGuid = {EBE4E37D-8BB6-464B-A4F9-B929D031AAC6}
	EndGlobalSection
EndGlobal
